<?xml version="1.0" encoding="utf-8"?>
<Project ToolsVersion="4.0" xmlns="http://schemas.microsoft.com/developer/msbuild/2003">
  <ItemGroup>
    <Filter Include="Include">
      <UniqueIdentifier>{93995380-89BD-4b04-88EB-625FBE52EBFB}</UniqueIdentifier>
      <Extensions>h;hh;hpp;hxx;hm;inl;inc;xsd</Extensions>
    </Filter>
    <Filter Include="Source">
      <UniqueIdentifier>{4FC737F1-C7A5-4376-A066-2A32D752A2FF}</UniqueIdentifier>
      <Extensions>cpp;c;cc;cxx;def;odl;idl;hpj;bat;asm;asmx</Extensions>
    </Filter>
    <Filter Include="Source\ScriptWrapper">
      <UniqueIdentifier>{cd9147f2-92c6-40b1-8f67-df90a4c148e6}</UniqueIdentifier>
    </Filter>
    <Filter Include="Source\API">
      <UniqueIdentifier>{c5a1ebd0-0ae6-4d71-bc9d-13dbeb15280c}</UniqueIdentifier>
    </Filter>
  </ItemGroup>
  <ItemGroup>
    <ClCompile Include="dllmain.cpp">
      <Filter>Source</Filter>
    </ClCompile>
    <ClCompile Include="RuntimeContext.cpp">
      <Filter>Source</Filter>
    </ClCompile>
    <ClCompile Include="ParameterWrapper.cpp">
      <Filter>Source\ScriptWrapper</Filter>
    </ClCompile>
    <ClCompile Include="Parameter.cpp">
      <Filter>Source\API</Filter>
    </ClCompile>
    <ClCompile Include="StringConvertion.cpp">
      <Filter>Source</Filter>
    </ClCompile>
    <ClCompile Include="ScriptRunner.cpp">
      <Filter>Source\API</Filter>
    </ClCompile>
    <ClCompile Include="LuaScriptRunner.cpp">
      <Filter>Source</Filter>
    </ClCompile>
  </ItemGroup>
  <ItemGroup>
    <ClInclude Include="include\RengaScript\ApiDefines.h">
      <Filter>Include</Filter>
    </ClInclude>
    <ClInclude Include="include\RengaScript\Parameter.h">
      <Filter>Include</Filter>
    </ClInclude>
    <ClInclude Include="RuntimeContext.h">
      <Filter>Source</Filter>
    </ClInclude>
    <ClInclude Include="ParameterWrapper.h">
      <Filter>Source\ScriptWrapper</Filter>
    </ClInclude>
    <ClInclude Include="StringConvertion.h">
      <Filter>Source</Filter>
    </ClInclude>
    <ClInclude Include="include\RengaScript\ScriptRunner.h">
      <Filter>Include</Filter>
    </ClInclude>
    <ClInclude Include="LuaScriptRunner.h">
      <Filter>Source</Filter>
    </ClInclude>
    <ClInclude Include="ScriptData.h">
      <Filter>Source</Filter>
    </ClInclude>
  </ItemGroup>
</Project>