<?xml version="1.0" encoding="utf-8"?>
<Project ToolsVersion="4.0" xmlns="http://schemas.microsoft.com/developer/msbuild/2003">
  <ItemGroup>
    <Filter Include="Include">
      <UniqueIdentifier>{93995380-89BD-4b04-88EB-625FBE52EBFB}</UniqueIdentifier>
      <Extensions>h;hh;hpp;hxx;hm;inl;inc;xsd</Extensions>
    </Filter>
    <Filter Include="Source">
      <UniqueIdentifier>{4FC737F1-C7A5-4376-A066-2A32D752A2FF}</UniqueIdentifier>
      <Extensions>cpp;c;cc;cxx;def;odl;idl;hpj;bat;asm;asmx</Extensions>
    </Filter>
    <Filter Include="Source\API">
      <UniqueIdentifier>{c5a1ebd0-0ae6-4d71-bc9d-13dbeb15280c}</UniqueIdentifier>
    </Filter>
    <Filter Include="Source\Lua">
      <UniqueIdentifier>{0c7fa576-57ff-480c-a34b-22e89266b4a1}</UniqueIdentifier>
    </Filter>
    <Filter Include="Source\Lua\TypesRegistration">
      <UniqueIdentifier>{cd9147f2-92c6-40b1-8f67-df90a4c148e6}</UniqueIdentifier>
    </Filter>
    <Filter Include="Source\Module">
      <UniqueIdentifier>{7261a0ca-b95a-4668-9dd5-8bbb4e7fc040}</UniqueIdentifier>
    </Filter>
    <Filter Include="Source\Common">
      <UniqueIdentifier>{7b2f0de6-ee9a-48df-b266-e925c816ec22}</UniqueIdentifier>
    </Filter>
    <Filter Include="Source\Lua\TypeWrapper">
      <UniqueIdentifier>{8d106779-b40f-4163-8ecb-4e1a4d05b2ed}</UniqueIdentifier>
    </Filter>
  </ItemGroup>
  <ItemGroup>
    <ClCompile Include="Parameter.cpp">
      <Filter>Source\API</Filter>
    </ClCompile>
    <ClCompile Include="LuaTypesRegistration.cpp">
      <Filter>Source\Lua\TypesRegistration</Filter>
    </ClCompile>
    <ClCompile Include="LuaScriptRunner.cpp">
      <Filter>Source\Lua</Filter>
    </ClCompile>
    <ClCompile Include="dllmain.cpp">
      <Filter>Source\Module</Filter>
    </ClCompile>
    <ClCompile Include="StringConvertion.cpp">
      <Filter>Source\Common</Filter>
    </ClCompile>
    <ClCompile Include="LuaScriptRuntimeContext.cpp">
      <Filter>Source\Lua</Filter>
    </ClCompile>
    <ClCompile Include="ExecuteScript.cpp">
      <Filter>Source\API</Filter>
    </ClCompile>
    <ClCompile Include="Path.cpp">
      <Filter>Source\Common</Filter>
    </ClCompile>
    <ClCompile Include="Geometry2DTypeWrapper.cpp">
      <Filter>Source\Lua\TypeWrapper</Filter>
    </ClCompile>
  </ItemGroup>
  <ItemGroup>
    <ClInclude Include="include\RengaScript\ApiDefines.h">
      <Filter>Include</Filter>
    </ClInclude>
    <ClInclude Include="include\RengaScript\IObject3DDefinition.h">
      <Filter>Include</Filter>
    </ClInclude>
    <ClInclude Include="include\RengaScript\GeometryTypes2D.h">
      <Filter>Include</Filter>
    </ClInclude>
    <ClInclude Include="include\RengaScript\Parameter.h">
      <Filter>Include</Filter>
    </ClInclude>
    <ClInclude Include="LuaScriptRunner.h">
      <Filter>Source\Lua</Filter>
    </ClInclude>
    <ClInclude Include="LuaTypesRegistration.h">
      <Filter>Source\Lua\TypesRegistration</Filter>
    </ClInclude>
    <ClInclude Include="StringConvertion.h">
      <Filter>Source\Common</Filter>
    </ClInclude>
    <ClInclude Include="LuaScriptRuntimeContext.h">
      <Filter>Source\Lua</Filter>
    </ClInclude>
    <ClInclude Include="include\RengaScript\ExecuteScript.h">
      <Filter>Include</Filter>
    </ClInclude>
    <ClInclude Include="include\RengaScript\IGeometry2DBuilder.h">
      <Filter>Include</Filter>
    </ClInclude>
    <ClInclude Include="include\RengaScript\IParameters.h">
      <Filter>Include</Filter>
    </ClInclude>
    <ClInclude Include="Path.h">
      <Filter>Source\Common</Filter>
    </ClInclude>
    <ClInclude Include="dllmain.h">
      <Filter>Source\Module</Filter>
    </ClInclude>
    <ClInclude Include="Geometry2DTypeWrapper.h">
      <Filter>Source\Lua\TypeWrapper</Filter>
    </ClInclude>
  </ItemGroup>
</Project>