<?xml version="1.0" encoding="utf-8"?>
<Project ToolsVersion="4.0" xmlns="http://schemas.microsoft.com/developer/msbuild/2003">
  <ItemGroup>
    <Filter Include="Tests">
      <UniqueIdentifier>{93995380-89BD-4b04-88EB-625FBE52EBFB}</UniqueIdentifier>
      <Extensions>h;hh;hpp;hxx;hm;inl;inc;xsd</Extensions>
    </Filter>
    <Filter Include="Module">
      <UniqueIdentifier>{4FC737F1-C7A5-4376-A066-2A32D752A2FF}</UniqueIdentifier>
      <Extensions>cpp;c;cc;cxx;def;odl;idl;hpj;bat;asm;asmx</Extensions>
    </Filter>
    <Filter Include="Mocks">
      <UniqueIdentifier>{e3b4471c-9a58-4efc-a443-4b32eb825778}</UniqueIdentifier>
    </Filter>
    <Filter Include="Stubs">
      <UniqueIdentifier>{6373b84b-96bd-42bc-a32e-44c5c23e1bdc}</UniqueIdentifier>
    </Filter>
    <Filter Include="Matchers">
      <UniqueIdentifier>{3848b8ad-fea6-46ac-8dec-795231f243fe}</UniqueIdentifier>
    </Filter>
    <Filter Include="Utils">
      <UniqueIdentifier>{08be3674-7abd-4031-ab0e-3b2ba60d3f53}</UniqueIdentifier>
    </Filter>
  </ItemGroup>
  <ItemGroup>
    <ClCompile Include="stdafx.cpp">
      <Filter>Module</Filter>
    </ClCompile>
    <ClCompile Include="RengaScriptTests.cpp">
      <Filter>Module</Filter>
    </ClCompile>
    <ClCompile Include="ParametersTest.cpp">
      <Filter>Tests</Filter>
    </ClCompile>
    <ClCompile Include="GeometryBuilderTest.cpp">
      <Filter>Tests</Filter>
    </ClCompile>
    <ClCompile Include="Object3DDefinitionTest.cpp">
      <Filter>Tests</Filter>
    </ClCompile>
    <ClCompile Include="ExecuteScriptFromString.cpp">
      <Filter>Utils</Filter>
    </ClCompile>
  </ItemGroup>
  <ItemGroup>
    <ClInclude Include="stdafx.h">
      <Filter>Module</Filter>
    </ClInclude>
    <ClInclude Include="ParametersMock.h">
      <Filter>Mocks</Filter>
    </ClInclude>
    <ClInclude Include="GeometryBuilderMock.h">
      <Filter>Mocks</Filter>
    </ClInclude>
    <ClInclude Include="GeometryTypeMock.h">
      <Filter>Mocks</Filter>
    </ClInclude>
    <ClInclude Include="GeometryTypeStub.h">
      <Filter>Stubs</Filter>
    </ClInclude>
    <ClInclude Include="GeometryTypeMatcher.h">
      <Filter>Matchers</Filter>
    </ClInclude>
    <ClInclude Include="Object3DDefinitionMock.h">
      <Filter>Mocks</Filter>
    </ClInclude>
    <ClInclude Include="ExecuteScriptFromString.h">
      <Filter>Utils</Filter>
    </ClInclude>
  </ItemGroup>
</Project>