<?xml version="1.0" encoding="utf-8"?>
<Project ToolsVersion="4.0" xmlns="http://schemas.microsoft.com/developer/msbuild/2003">
  <ItemGroup>
    <Filter Include="Tests">
      <UniqueIdentifier>{93995380-89BD-4b04-88EB-625FBE52EBFB}</UniqueIdentifier>
      <Extensions>h;hh;hpp;hxx;hm;inl;inc;xsd</Extensions>
    </Filter>
    <Filter Include="Module">
      <UniqueIdentifier>{4FC737F1-C7A5-4376-A066-2A32D752A2FF}</UniqueIdentifier>
      <Extensions>cpp;c;cc;cxx;def;odl;idl;hpj;bat;asm;asmx</Extensions>
    </Filter>
    <Filter Include="Mocks">
      <UniqueIdentifier>{e3b4471c-9a58-4efc-a443-4b32eb825778}</UniqueIdentifier>
    </Filter>
  </ItemGroup>
  <ItemGroup>
    <ClCompile Include="stdafx.cpp">
      <Filter>Module</Filter>
    </ClCompile>
    <ClCompile Include="RengaScriptTests.cpp">
      <Filter>Module</Filter>
    </ClCompile>
    <ClCompile Include="ParametersTest.cpp">
      <Filter>Tests</Filter>
    </ClCompile>
    <ClCompile Include="Geometry2DBuilderTest.cpp">
      <Filter>Tests</Filter>
    </ClCompile>
  </ItemGroup>
  <ItemGroup>
    <ClInclude Include="stdafx.h">
      <Filter>Module</Filter>
    </ClInclude>
    <ClInclude Include="Geometry2DTypeMock.h">
      <Filter>Mocks</Filter>
    </ClInclude>
    <ClInclude Include="Geometry2DBuilderMock.h">
      <Filter>Mocks</Filter>
    </ClInclude>
    <ClInclude Include="ParametersMock.h">
      <Filter>Mocks</Filter>
    </ClInclude>
  </ItemGroup>
</Project>